
Microsoft Visual Studio Solution File, Format Version 12.00
# Visual Studio Version 16
VisualStudioVersion = 16.0.29519.87
MinimumVisualStudioVersion = 10.0.40219.1
Project("{FAE04EC0-301F-11D3-BF4B-00C04F79EFBC}") = "APIProgram", "APIProgram\APIProgram.csproj", "{B8063AF6-F3ED-4815-95B6-B453C750118B}"
EndProject
Global
	GlobalSection(SolutionConfigurationPlatforms) = preSolution
		Debug|Any CPU = Debug|Any CPU
		Release|Any CPU = Release|Any CPU
	EndGlobalSection
	GlobalSection(ProjectConfigurationPlatforms) = postSolution
		{B8063AF6-F3ED-4815-95B6-B453C750118B}.Debug|Any CPU.ActiveCfg = Debug|Any CPU
		{B8063AF6-F3ED-4815-95B6-B453C750118B}.Debug|Any CPU.Build.0 = Debug|Any CPU
		{B8063AF6-F3ED-4815-95B6-B453C750118B}.Release|Any CPU.ActiveCfg = Release|Any CPU
		{B8063AF6-F3ED-4815-95B6-B453C750118B}.Release|Any CPU.Build.0 = Release|Any CPU
	EndGlobalSection
	GlobalSection(SolutionProperties) = preSolution
		HideSolutionNode = FALSE
	EndGlobalSection
	GlobalSection(ExtensibilityGlobals) = postSolution
		SolutionGuid = {6E131505-D8FB-426D-A224-AE7A891B31CA}
	EndGlobalSection
EndGlobal
